// !$*UTF8*$!
{
	archiveVersion = 1;
	classes = {
	};
	objectVersion = 56;
	objects = {

/* Begin PBXBuildFile section */
		1916C2A92A6FECFA0097BE08 /* AssignmentIII_SetApp.swift in Sources */ = {isa = PBXBuildFile; fileRef = 1916C2A82A6FECFA0097BE08 /* AssignmentIII_SetApp.swift */; };
		1916C2AB2A6FECFA0097BE08 /* SetGameView.swift in Sources */ = {isa = PBXBuildFile; fileRef = 1916C2AA2A6FECFA0097BE08 /* SetGameView.swift */; };
		1916C2AD2A6FECFB0097BE08 /* Assets.xcassets in Resources */ = {isa = PBXBuildFile; fileRef = 1916C2AC2A6FECFB0097BE08 /* Assets.xcassets */; };
		1916C2B02A6FECFB0097BE08 /* Preview Assets.xcassets in Resources */ = {isa = PBXBuildFile; fileRef = 1916C2AF2A6FECFB0097BE08 /* Preview Assets.xcassets */; };
		198D5AA92A7A6EC2009EDE33 /* AspectVGrid.swift in Sources */ = {isa = PBXBuildFile; fileRef = 198D5AA82A7A6EC2009EDE33 /* AspectVGrid.swift */; };
		198D5AAB2A7BA35A009EDE33 /* SetGameModel.swift in Sources */ = {isa = PBXBuildFile; fileRef = 198D5AAA2A7BA35A009EDE33 /* SetGameModel.swift */; };
		198D5AAD2A7BA59E009EDE33 /* SetGameViewModel.swift in Sources */ = {isa = PBXBuildFile; fileRef = 198D5AAC2A7BA59E009EDE33 /* SetGameViewModel.swift */; };
		198D5AAF2A7D125D009EDE33 /* Diamond.swift in Sources */ = {isa = PBXBuildFile; fileRef = 198D5AAE2A7D125D009EDE33 /* Diamond.swift */; };
		198D5AB12A7DE103009EDE33 /* Symbols.swift in Sources */ = {isa = PBXBuildFile; fileRef = 198D5AB02A7DE103009EDE33 /* Symbols.swift */; };
/* End PBXBuildFile section */

/* Begin PBXFileReference section */
		1916C2A52A6FECFA0097BE08 /* AssignmentIII_Set.app */ = {isa = PBXFileReference; explicitFileType = wrapper.application; includeInIndex = 0; path = AssignmentIII_Set.app; sourceTree = BUILT_PRODUCTS_DIR; };
		1916C2A82A6FECFA0097BE08 /* AssignmentIII_SetApp.swift */ = {isa = PBXFileReference; lastKnownFileType = sourcecode.swift; path = AssignmentIII_SetApp.swift; sourceTree = "<group>"; };
		1916C2AA2A6FECFA0097BE08 /* SetGameView.swift */ = {isa = PBXFileReference; lastKnownFileType = sourcecode.swift; path = SetGameView.swift; sourceTree = "<group>"; };
		1916C2AC2A6FECFB0097BE08 /* Assets.xcassets */ = {isa = PBXFileReference; lastKnownFileType = folder.assetcatalog; path = Assets.xcassets; sourceTree = "<group>"; };
		1916C2AF2A6FECFB0097BE08 /* Preview Assets.xcassets */ = {isa = PBXFileReference; lastKnownFileType = folder.assetcatalog; path = "Preview Assets.xcassets"; sourceTree = "<group>"; };
		198D5AA82A7A6EC2009EDE33 /* AspectVGrid.swift */ = {isa = PBXFileReference; lastKnownFileType = sourcecode.swift; path = AspectVGrid.swift; sourceTree = SOURCE_ROOT; };
		198D5AAA2A7BA35A009EDE33 /* SetGameModel.swift */ = {isa = PBXFileReference; lastKnownFileType = sourcecode.swift; path = SetGameModel.swift; sourceTree = "<group>"; };
		198D5AAC2A7BA59E009EDE33 /* SetGameViewModel.swift */ = {isa = PBXFileReference; lastKnownFileType = sourcecode.swift; path = SetGameViewModel.swift; sourceTree = "<group>"; };
		198D5AAE2A7D125D009EDE33 /* Diamond.swift */ = {isa = PBXFileReference; lastKnownFileType = sourcecode.swift; path = Diamond.swift; sourceTree = "<group>"; };
		198D5AB02A7DE103009EDE33 /* Symbols.swift */ = {isa = PBXFileReference; lastKnownFileType = sourcecode.swift; path = Symbols.swift; sourceTree = "<group>"; };
/* End PBXFileReference section */

/* Begin PBXFrameworksBuildPhase section */
		1916C2A22A6FECFA0097BE08 /* Frameworks */ = {
			isa = PBXFrameworksBuildPhase;
			buildActionMask = 2147483647;
			files = (
			);
			runOnlyForDeploymentPostprocessing = 0;
		};
/* End PBXFrameworksBuildPhase section */

/* Begin PBXGroup section */
		1916C29C2A6FECFA0097BE08 = {
			isa = PBXGroup;
			children = (
				1916C2A72A6FECFA0097BE08 /* AssignmentIII_Set */,
				1916C2A62A6FECFA0097BE08 /* Products */,
			);
			sourceTree = "<group>";
		};
		1916C2A62A6FECFA0097BE08 /* Products */ = {
			isa = PBXGroup;
			children = (
				1916C2A52A6FECFA0097BE08 /* AssignmentIII_Set.app */,
			);
			name = Products;
			sourceTree = "<group>";
		};
		1916C2A72A6FECFA0097BE08 /* AssignmentIII_Set */ = {
			isa = PBXGroup;
			children = (
				198D5AA82A7A6EC2009EDE33 /* AspectVGrid.swift */,
				1916C2A82A6FECFA0097BE08 /* AssignmentIII_SetApp.swift */,
				1916C2AA2A6FECFA0097BE08 /* SetGameView.swift */,
				198D5AAC2A7BA59E009EDE33 /* SetGameViewModel.swift */,
				198D5AAA2A7BA35A009EDE33 /* SetGameModel.swift */,
				198D5AB02A7DE103009EDE33 /* Symbols.swift */,
				198D5AAE2A7D125D009EDE33 /* Diamond.swift */,
				1916C2AC2A6FECFB0097BE08 /* Assets.xcassets */,
				1916C2AE2A6FECFB0097BE08 /* Preview Content */,
			);
			path = AssignmentIII_Set;
			sourceTree = "<group>";
		};
		1916C2AE2A6FECFB0097BE08 /* Preview Content */ = {
			isa = PBXGroup;
			children = (
				1916C2AF2A6FECFB0097BE08 /* Preview Assets.xcassets */,
			);
			path = "Preview Content";
			sourceTree = "<group>";
		};
/* End PBXGroup section */

/* Begin PBXNativeTarget section */
		1916C2A42A6FECFA0097BE08 /* AssignmentIII_Set */ = {
			isa = PBXNativeTarget;
			buildConfigurationList = 1916C2B32A6FECFB0097BE08 /* Build configuration list for PBXNativeTarget "AssignmentIII_Set" */;
			buildPhases = (
				1916C2A12A6FECFA0097BE08 /* Sources */,
				1916C2A22A6FECFA0097BE08 /* Frameworks */,
				1916C2A32A6FECFA0097BE08 /* Resources */,
			);
			buildRules = (
			);
			dependencies = (
			);
			name = AssignmentIII_Set;
			productName = AssignmentIII_Set;
			productReference = 1916C2A52A6FECFA0097BE08 /* AssignmentIII_Set.app */;
			productType = "com.apple.product-type.application";
		};
/* End PBXNativeTarget section */

/* Begin PBXProject section */
		1916C29D2A6FECFA0097BE08 /* Project object */ = {
			isa = PBXProject;
			attributes = {
				BuildIndependentTargetsInParallel = 1;
				LastSwiftUpdateCheck = 1410;
				LastUpgradeCheck = 1410;
				TargetAttributes = {
					1916C2A42A6FECFA0097BE08 = {
						CreatedOnToolsVersion = 14.1;
					};
				};
			};
			buildConfigurationList = 1916C2A02A6FECFA0097BE08 /* Build configuration list for PBXProject "AssignmentIII_Set" */;
			compatibilityVersion = "Xcode 14.0";
			developmentRegion = en;
			hasScannedForEncodings = 0;
			knownRegions = (
				en,
				Base,
			);
			mainGroup = 1916C29C2A6FECFA0097BE08;
			productRefGroup = 1916C2A62A6FECFA0097BE08 /* Products */;
			projectDirPath = "";
			projectRoot = "";
			targets = (
				1916C2A42A6FECFA0097BE08 /* AssignmentIII_Set */,
			);
		};
/* End PBXProject section */

/* Begin PBXResourcesBuildPhase section */
		1916C2A32A6FECFA0097BE08 /* Resources */ = {
			isa = PBXResourcesBuildPhase;
			buildActionMask = 2147483647;
			files = (
				1916C2B02A6FECFB0097BE08 /* Preview Assets.xcassets in Resources */,
				1916C2AD2A6FECFB0097BE08 /* Assets.xcassets in Resources */,
			);
			runOnlyForDeploymentPostprocessing = 0;
		};
/* End PBXResourcesBuildPhase section */

/* Begin PBXSourcesBuildPhase section */
		1916C2A12A6FECFA0097BE08 /* Sources */ = {
			isa = PBXSourcesBuildPhase;
			buildActionMask = 2147483647;
			files = (
				1916C2AB2A6FECFA0097BE08 /* SetGameView.swift in Sources */,
				1916C2A92A6FECFA0097BE08 /* AssignmentIII_SetApp.swift in Sources */,
				198D5AAB2A7BA35A009EDE33 /* SetGameModel.swift in Sources */,
				198D5AA92A7A6EC2009EDE33 /* AspectVGrid.swift in Sources */,
				198D5AAD2A7BA59E009EDE33 /* SetGameViewModel.swift in Sources */,
				198D5AAF2A7D125D009EDE33 /* Diamond.swift in Sources */,
				198D5AB12A7DE103009EDE33 /* Symbols.swift in Sources */,
			);
			runOnlyForDeploymentPostprocessing = 0;
		};
/* End PBXSourcesBuildPhase section */

/* Begin XCBuildConfiguration section */
		1916C2B12A6FECFB0097BE08 /* Debug */ = {
			isa = XCBuildConfiguration;
			buildSettings = {
				ALWAYS_SEARCH_USER_PATHS = NO;
				CLANG_ANALYZER_NONNULL = YES;
				CLANG_ANALYZER_NUMBER_OBJECT_CONVERSION = YES_AGGRESSIVE;
				CLANG_CXX_LANGUAGE_STANDARD = "gnu++20";
				CLANG_ENABLE_MODULES = YES;
				CLANG_ENABLE_OBJC_ARC = YES;
				CLANG_ENABLE_OBJC_WEAK = YES;
				CLANG_WARN_BLOCK_CAPTURE_AUTORELEASING = YES;
				CLANG_WARN_BOOL_CONVERSION = YES;
				CLANG_WARN_COMMA = YES;
				CLANG_WARN_CONSTANT_CONVERSION = YES;
				CLANG_WARN_DEPRECATED_OBJC_IMPLEMENTATIONS = YES;
				CLANG_WARN_DIRECT_OBJC_ISA_USAGE = YES_ERROR;
				CLANG_WARN_DOCUMENTATION_COMMENTS = YES;
				CLANG_WARN_EMPTY_BODY = YES;
				CLANG_WARN_ENUM_CONVERSION = YES;
				CLANG_WARN_INFINITE_RECURSION = YES;
				CLANG_WARN_INT_CONVERSION = YES;
				CLANG_WARN_NON_LITERAL_NULL_CONVERSION = YES;
				CLANG_WARN_OBJC_IMPLICIT_RETAIN_SELF = YES;
				CLANG_WARN_OBJC_LITERAL_CONVERSION = YES;
				CLANG_WARN_OBJC_ROOT_CLASS = YES_ERROR;
				CLANG_WARN_QUOTED_INCLUDE_IN_FRAMEWORK_HEADER = YES;
				CLANG_WARN_RANGE_LOOP_ANALYSIS = YES;
				CLANG_WARN_STRICT_PROTOTYPES = YES;
				CLANG_WARN_SUSPICIOUS_MOVE = YES;
				CLANG_WARN_UNGUARDED_AVAILABILITY = YES_AGGRESSIVE;
				CLANG_WARN_UNREACHABLE_CODE = YES;
				CLANG_WARN__DUPLICATE_METHOD_MATCH = YES;
				COPY_PHASE_STRIP = NO;
				DEBUG_INFORMATION_FORMAT = dwarf;
				ENABLE_STRICT_OBJC_MSGSEND = YES;
				ENABLE_TESTABILITY = YES;
				GCC_C_LANGUAGE_STANDARD = gnu11;
				GCC_DYNAMIC_NO_PIC = NO;
				GCC_NO_COMMON_BLOCKS = YES;
				GCC_OPTIMIZATION_LEVEL = 0;
				GCC_PREPROCESSOR_DEFINITIONS = (
					"DEBUG=1",
					"$(inherited)",
				);
				GCC_WARN_64_TO_32_BIT_CONVERSION = YES;
				GCC_WARN_ABOUT_RETURN_TYPE = YES_ERROR;
				GCC_WARN_UNDECLARED_SELECTOR = YES;
				GCC_WARN_UNINITIALIZED_AUTOS = YES_AGGRESSIVE;
				GCC_WARN_UNUSED_FUNCTION = YES;
				GCC_WARN_UNUSED_VARIABLE = YES;
				IPHONEOS_DEPLOYMENT_TARGET = 16.1;
				MTL_ENABLE_DEBUG_INFO = INCLUDE_SOURCE;
				MTL_FAST_MATH = YES;
				ONLY_ACTIVE_ARCH = YES;
				SDKROOT = iphoneos;
				SWIFT_ACTIVE_COMPILATION_CONDITIONS = DEBUG;
				SWIFT_OPTIMIZATION_LEVEL = "-Onone";
			};
			name = Debug;
		};
		1916C2B22A6FECFB0097BE08 /* Release */ = {
			isa = XCBuildConfiguration;
			buildSettings = {
				ALWAYS_SEARCH_USER_PATHS = NO;
				CLANG_ANALYZER_NONNULL = YES;
				CLANG_ANALYZER_NUMBER_OBJECT_CONVERSION = YES_AGGRESSIVE;
				CLANG_CXX_LANGUAGE_STANDARD = "gnu++20";
				CLANG_ENABLE_MODULES = YES;
				CLANG_ENABLE_OBJC_ARC = YES;
				CLANG_ENABLE_OBJC_WEAK = YES;
				CLANG_WARN_BLOCK_CAPTURE_AUTORELEASING = YES;
				CLANG_WARN_BOOL_CONVERSION = YES;
				CLANG_WARN_COMMA = YES;
				CLANG_WARN_CONSTANT_CONVERSION = YES;
				CLANG_WARN_DEPRECATED_OBJC_IMPLEMENTATIONS = YES;
				CLANG_WARN_DIRECT_OBJC_ISA_USAGE = YES_ERROR;
				CLANG_WARN_DOCUMENTATION_COMMENTS = YES;
				CLANG_WARN_EMPTY_BODY = YES;
				CLANG_WARN_ENUM_CONVERSION = YES;
				CLANG_WARN_INFINITE_RECURSION = YES;
				CLANG_WARN_INT_CONVERSION = YES;
				CLANG_WARN_NON_LITERAL_NULL_CONVERSION = YES;
				CLANG_WARN_OBJC_IMPLICIT_RETAIN_SELF = YES;
				CLANG_WARN_OBJC_LITERAL_CONVERSION = YES;
				CLANG_WARN_OBJC_ROOT_CLASS = YES_ERROR;
				CLANG_WARN_QUOTED_INCLUDE_IN_FRAMEWORK_HEADER = YES;
				CLANG_WARN_RANGE_LOOP_ANALYSIS = YES;
				CLANG_WARN_STRICT_PROTOTYPES = YES;
				CLANG_WARN_SUSPICIOUS_MOVE = YES;
				CLANG_WARN_UNGUARDED_AVAILABILITY = YES_AGGRESSIVE;
				CLANG_WARN_UNREACHABLE_CODE = YES;
				CLANG_WARN__DUPLICATE_METHOD_MATCH = YES;
				COPY_PHASE_STRIP = NO;
				DEBUG_INFORMATION_FORMAT = "dwarf-with-dsym";
				ENABLE_NS_ASSERTIONS = NO;
				ENABLE_STRICT_OBJC_MSGSEND = YES;
				GCC_C_LANGUAGE_STANDARD = gnu11;
				GCC_NO_COMMON_BLOCKS = YES;
				GCC_WARN_64_TO_32_BIT_CONVERSION = YES;
				GCC_WARN_ABOUT_RETURN_TYPE = YES_ERROR;
				GCC_WARN_UNDECLARED_SELECTOR = YES;
				GCC_WARN_UNINITIALIZED_AUTOS = YES_AGGRESSIVE;
				GCC_WARN_UNUSED_FUNCTION = YES;
				GCC_WARN_UNUSED_VARIABLE = YES;
				IPHONEOS_DEPLOYMENT_TARGET = 16.1;
				MTL_ENABLE_DEBUG_INFO = NO;
				MTL_FAST_MATH = YES;
				SDKROOT = iphoneos;
				SWIFT_COMPILATION_MODE = wholemodule;
				SWIFT_OPTIMIZATION_LEVEL = "-O";
				VALIDATE_PRODUCT = YES;
			};
			name = Release;
		};
		1916C2B42A6FECFB0097BE08 /* Debug */ = {
			isa = XCBuildConfiguration;
			buildSettings = {
				ASSETCATALOG_COMPILER_APPICON_NAME = AppIcon;
				ASSETCATALOG_COMPILER_GLOBAL_ACCENT_COLOR_NAME = AccentColor;
				CODE_SIGN_STYLE = Automatic;
				CURRENT_PROJECT_VERSION = 1;
				DEVELOPMENT_ASSET_PATHS = "\"AssignmentIII_Set/Preview Content\"";
				DEVELOPMENT_TEAM = 2XV4NMFAJX;
				ENABLE_PREVIEWS = YES;
				GENERATE_INFOPLIST_FILE = YES;
				INFOPLIST_KEY_UIApplicationSceneManifest_Generation = YES;
				INFOPLIST_KEY_UIApplicationSupportsIndirectInputEvents = YES;
				INFOPLIST_KEY_UILaunchScreen_Generation = YES;
				INFOPLIST_KEY_UISupportedInterfaceOrientations_iPad = "UIInterfaceOrientationPortrait UIInterfaceOrientationPortraitUpsideDown UIInterfaceOrientationLandscapeLeft UIInterfaceOrientationLandscapeRight";
				INFOPLIST_KEY_UISupportedInterfaceOrientations_iPhone = "UIInterfaceOrientationPortrait UIInterfaceOrientationLandscapeLeft UIInterfaceOrientationLandscapeRight";
				LD_RUNPATH_SEARCH_PATHS = (
					"$(inherited)",
					"@executable_path/Frameworks",
				);
				MARKETING_VERSION = 1.0;
				PRODUCT_BUNDLE_IDENTIFIER = "tommy787576.ShihPingLin.AssignmentIII-Set";
				PRODUCT_NAME = "$(TARGET_NAME)";
				SWIFT_EMIT_LOC_STRINGS = YES;
				SWIFT_VERSION = 5.0;
				TARGETED_DEVICE_FAMILY = "1,2";
			};
			name = Debug;
		};
		1916C2B52A6FECFB0097BE08 /* Release */ = {
			isa = XCBuildConfiguration;
			buildSettings = {
				ASSETCATALOG_COMPILER_APPICON_NAME = AppIcon;
				ASSETCATALOG_COMPILER_GLOBAL_ACCENT_COLOR_NAME = AccentColor;
				CODE_SIGN_STYLE = Automatic;
				CURRENT_PROJECT_VERSION = 1;
				DEVELOPMENT_ASSET_PATHS = "\"AssignmentIII_Set/Preview Content\"";
				DEVELOPMENT_TEAM = 2XV4NMFAJX;
				ENABLE_PREVIEWS = YES;
				GENERATE_INFOPLIST_FILE = YES;
				INFOPLIST_KEY_UIApplicationSceneManifest_Generation = YES;
				INFOPLIST_KEY_UIApplicationSupportsIndirectInputEvents = YES;
				INFOPLIST_KEY_UILaunchScreen_Generation = YES;
				INFOPLIST_KEY_UISupportedInterfaceOrientations_iPad = "UIInterfaceOrientationPortrait UIInterfaceOrientationPortraitUpsideDown UIInterfaceOrientationLandscapeLeft UIInterfaceOrientationLandscapeRight";
				INFOPLIST_KEY_UISupportedInterfaceOrientations_iPhone = "UIInterfaceOrientationPortrait UIInterfaceOrientationLandscapeLeft UIInterfaceOrientationLandscapeRight";
				LD_RUNPATH_SEARCH_PATHS = (
					"$(inherited)",
					"@executable_path/Frameworks",
				);
				MARKETING_VERSION = 1.0;
				PRODUCT_BUNDLE_IDENTIFIER = "tommy787576.ShihPingLin.AssignmentIII-Set";
				PRODUCT_NAME = "$(TARGET_NAME)";
				SWIFT_EMIT_LOC_STRINGS = YES;
				SWIFT_VERSION = 5.0;
				TARGETED_DEVICE_FAMILY = "1,2";
			};
			name = Release;
		};
/* End XCBuildConfiguration section */

/* Begin XCConfigurationList section */
		1916C2A02A6FECFA0097BE08 /* Build configuration list for PBXProject "AssignmentIII_Set" */ = {
			isa = XCConfigurationList;
			buildConfigurations = (
				1916C2B12A6FECFB0097BE08 /* Debug */,
				1916C2B22A6FECFB0097BE08 /* Release */,
			);
			defaultConfigurationIsVisible = 0;
			defaultConfigurationName = Release;
		};
		1916C2B32A6FECFB0097BE08 /* Build configuration list for PBXNativeTarget "AssignmentIII_Set" */ = {
			isa = XCConfigurationList;
			buildConfigurations = (
				1916C2B42A6FECFB0097BE08 /* Debug */,
				1916C2B52A6FECFB0097BE08 /* Release */,
			);
			defaultConfigurationIsVisible = 0;
			defaultConfigurationName = Release;
		};
/* End XCConfigurationList section */
	};
	rootObject = 1916C29D2A6FECFA0097BE08 /* Project object */;
}
